
Microsoft Visual Studio Solution File, Format Version 12.00
# Visual Studio Version 17
VisualStudioVersion = 17.6.33712.159
MinimumVisualStudioVersion = 10.0.40219.1
Project("{FAE04EC0-301F-11D3-BF4B-00C04F79EFBC}") = "Arvore", "Arvore\Arvore.csproj", "{F1BBB0B8-DA84-4E3E-84B6-56F793176369}"
EndProject
Global
	GlobalSection(SolutionConfigurationPlatforms) = preSolution
		Debug|Any CPU = Debug|Any CPU
		Release|Any CPU = Release|Any CPU
	EndGlobalSection
	GlobalSection(ProjectConfigurationPlatforms) = postSolution
		{F1BBB0B8-DA84-4E3E-84B6-56F793176369}.Debug|Any CPU.ActiveCfg = Debug|Any CPU
		{F1BBB0B8-DA84-4E3E-84B6-56F793176369}.Debug|Any CPU.Build.0 = Debug|Any CPU
		{F1BBB0B8-DA84-4E3E-84B6-56F793176369}.Release|Any CPU.ActiveCfg = Release|Any CPU
		{F1BBB0B8-DA84-4E3E-84B6-56F793176369}.Release|Any CPU.Build.0 = Release|Any CPU
	EndGlobalSection
	GlobalSection(SolutionProperties) = preSolution
		HideSolutionNode = FALSE
	EndGlobalSection
	GlobalSection(ExtensibilityGlobals) = postSolution
		SolutionGuid = {FD212795-1C10-484A-AF07-9984FBB98F86}
	EndGlobalSection
EndGlobal
